// !$*UTF8*$!
{
	archiveVersion = 1;
	classes = {
	};
	objectVersion = 50;
	objects = {

/* Begin PBXBuildFile section */
		B6FC5B1320782197002AF335 /* AppDelegate.swift in Sources */ = {isa = PBXBuildFile; fileRef = B6FC5B1220782197002AF335 /* AppDelegate.swift */; };
		B6FC5B1520782197002AF335 /* ViewController.swift in Sources */ = {isa = PBXBuildFile; fileRef = B6FC5B1420782197002AF335 /* ViewController.swift */; };
		B6FC5B1820782197002AF335 /* Main.storyboard in Resources */ = {isa = PBXBuildFile; fileRef = B6FC5B1620782197002AF335 /* Main.storyboard */; };
		B6FC5B1A20782199002AF335 /* Assets.xcassets in Resources */ = {isa = PBXBuildFile; fileRef = B6FC5B1920782199002AF335 /* Assets.xcassets */; };
		B6FC5B1D20782199002AF335 /* LaunchScreen.storyboard in Resources */ = {isa = PBXBuildFile; fileRef = B6FC5B1B20782199002AF335 /* LaunchScreen.storyboard */; };
		B6FC5B2620782288002AF335 /* CoreLocation.framework in Frameworks */ = {isa = PBXBuildFile; fileRef = B6FC5B2520782288002AF335 /* CoreLocation.framework */; };
/* End PBXBuildFile section */

/* Begin PBXFileReference section */
		B6FC5B0F20782197002AF335 /* iBeacon-Testing.app */ = {isa = PBXFileReference; explicitFileType = wrapper.application; includeInIndex = 0; path = "iBeacon-Testing.app"; sourceTree = BUILT_PRODUCTS_DIR; };
		B6FC5B1220782197002AF335 /* AppDelegate.swift */ = {isa = PBXFileReference; lastKnownFileType = sourcecode.swift; path = AppDelegate.swift; sourceTree = "<group>"; };
		B6FC5B1420782197002AF335 /* ViewController.swift */ = {isa = PBXFileReference; lastKnownFileType = sourcecode.swift; path = ViewController.swift; sourceTree = "<group>"; };
		B6FC5B1720782197002AF335 /* Base */ = {isa = PBXFileReference; lastKnownFileType = file.storyboard; name = Base; path = Base.lproj/Main.storyboard; sourceTree = "<group>"; };
		B6FC5B1920782199002AF335 /* Assets.xcassets */ = {isa = PBXFileReference; lastKnownFileType = folder.assetcatalog; path = Assets.xcassets; sourceTree = "<group>"; };
		B6FC5B1C20782199002AF335 /* Base */ = {isa = PBXFileReference; lastKnownFileType = file.storyboard; name = Base; path = Base.lproj/LaunchScreen.storyboard; sourceTree = "<group>"; };
		B6FC5B1E20782199002AF335 /* Info.plist */ = {isa = PBXFileReference; lastKnownFileType = text.plist.xml; path = Info.plist; sourceTree = "<group>"; };
		B6FC5B2520782288002AF335 /* CoreLocation.framework */ = {isa = PBXFileReference; lastKnownFileType = wrapper.framework; name = CoreLocation.framework; path = System/Library/Frameworks/CoreLocation.framework; sourceTree = SDKROOT; };
/* End PBXFileReference section */

/* Begin PBXFrameworksBuildPhase section */
		B6FC5B0C20782196002AF335 /* Frameworks */ = {
			isa = PBXFrameworksBuildPhase;
			buildActionMask = 2147483647;
			files = (
				B6FC5B2620782288002AF335 /* CoreLocation.framework in Frameworks */,
			);
			runOnlyForDeploymentPostprocessing = 0;
		};
/* End PBXFrameworksBuildPhase section */

/* Begin PBXGroup section */
		B6FC5B0620782196002AF335 = {
			isa = PBXGroup;
			children = (
				B6FC5B1120782197002AF335 /* iBeacon-Testing */,
				B6FC5B1020782197002AF335 /* Products */,
				B6FC5B2420782288002AF335 /* Frameworks */,
			);
			sourceTree = "<group>";
		};
		B6FC5B1020782197002AF335 /* Products */ = {
			isa = PBXGroup;
			children = (
				B6FC5B0F20782197002AF335 /* iBeacon-Testing.app */,
			);
			name = Products;
			sourceTree = "<group>";
		};
		B6FC5B1120782197002AF335 /* iBeacon-Testing */ = {
			isa = PBXGroup;
			children = (
				B6FC5B1220782197002AF335 /* AppDelegate.swift */,
				B6FC5B1420782197002AF335 /* ViewController.swift */,
				B6FC5B1620782197002AF335 /* Main.storyboard */,
				B6FC5B1920782199002AF335 /* Assets.xcassets */,
				B6FC5B1B20782199002AF335 /* LaunchScreen.storyboard */,
				B6FC5B1E20782199002AF335 /* Info.plist */,
			);
			path = "iBeacon-Testing";
			sourceTree = "<group>";
		};
		B6FC5B2420782288002AF335 /* Frameworks */ = {
			isa = PBXGroup;
			children = (
				B6FC5B2520782288002AF335 /* CoreLocation.framework */,
			);
			name = Frameworks;
			sourceTree = "<group>";
		};
/* End PBXGroup section */

/* Begin PBXNativeTarget section */
		B6FC5B0E20782196002AF335 /* iBeacon-Testing */ = {
			isa = PBXNativeTarget;
			buildConfigurationList = B6FC5B2120782199002AF335 /* Build configuration list for PBXNativeTarget "iBeacon-Testing" */;
			buildPhases = (
				B6FC5B0B20782196002AF335 /* Sources */,
				B6FC5B0C20782196002AF335 /* Frameworks */,
				B6FC5B0D20782196002AF335 /* Resources */,
			);
			buildRules = (
			);
			dependencies = (
			);
			name = "iBeacon-Testing";
			productName = "iBeacon-Testing";
			productReference = B6FC5B0F20782197002AF335 /* iBeacon-Testing.app */;
			productType = "com.apple.product-type.application";
		};
/* End PBXNativeTarget section */

/* Begin PBXProject section */
		B6FC5B0720782196002AF335 /* Project object */ = {
			isa = PBXProject;
			attributes = {
				LastSwiftUpdateCheck = 0930;
				LastUpgradeCheck = 0930;
				ORGANIZATIONNAME = "Dominic Holmes";
				TargetAttributes = {
					B6FC5B0E20782196002AF335 = {
						CreatedOnToolsVersion = 9.3;
					};
				};
			};
			buildConfigurationList = B6FC5B0A20782196002AF335 /* Build configuration list for PBXProject "iBeacon-Testing" */;
			compatibilityVersion = "Xcode 9.3";
			developmentRegion = en;
			hasScannedForEncodings = 0;
			knownRegions = (
				en,
				Base,
			);
			mainGroup = B6FC5B0620782196002AF335;
			productRefGroup = B6FC5B1020782197002AF335 /* Products */;
			projectDirPath = "";
			projectRoot = "";
			targets = (
				B6FC5B0E20782196002AF335 /* iBeacon-Testing */,
			);
		};
/* End PBXProject section */

/* Begin PBXResourcesBuildPhase section */
		B6FC5B0D20782196002AF335 /* Resources */ = {
			isa = PBXResourcesBuildPhase;
			buildActionMask = 2147483647;
			files = (
				B6FC5B1D20782199002AF335 /* LaunchScreen.storyboard in Resources */,
				B6FC5B1A20782199002AF335 /* Assets.xcassets in Resources */,
				B6FC5B1820782197002AF335 /* Main.storyboard in Resources */,
			);
			runOnlyForDeploymentPostprocessing = 0;
		};
/* End PBXResourcesBuildPhase section */

/* Begin PBXSourcesBuildPhase section */
		B6FC5B0B20782196002AF335 /* Sources */ = {
			isa = PBXSourcesBuildPhase;
			buildActionMask = 2147483647;
			files = (
				B6FC5B1520782197002AF335 /* ViewController.swift in Sources */,
				B6FC5B1320782197002AF335 /* AppDelegate.swift in Sources */,
			);
			runOnlyForDeploymentPostprocessing = 0;
		};
/* End PBXSourcesBuildPhase section */

/* Begin PBXVariantGroup section */
		B6FC5B1620782197002AF335 /* Main.storyboard */ = {
			isa = PBXVariantGroup;
			children = (
				B6FC5B1720782197002AF335 /* Base */,
			);
			name = Main.storyboard;
			sourceTree = "<group>";
		};
		B6FC5B1B20782199002AF335 /* LaunchScreen.storyboard */ = {
			isa = PBXVariantGroup;
			children = (
				B6FC5B1C20782199002AF335 /* Base */,
			);
			name = LaunchScreen.storyboard;
			sourceTree = "<group>";
		};
/* End PBXVariantGroup section */

/* Begin XCBuildConfiguration section */
		B6FC5B1F20782199002AF335 /* Debug */ = {
			isa = XCBuildConfiguration;
			buildSettings = {
				ALWAYS_SEARCH_USER_PATHS = NO;
				CLANG_ANALYZER_NONNULL = YES;
				CLANG_ANALYZER_NUMBER_OBJECT_CONVERSION = YES_AGGRESSIVE;
				CLANG_CXX_LANGUAGE_STANDARD = "gnu++14";
				CLANG_CXX_LIBRARY = "libc++";
				CLANG_ENABLE_MODULES = YES;
				CLANG_ENABLE_OBJC_ARC = YES;
				CLANG_ENABLE_OBJC_WEAK = YES;
				CLANG_WARN_BLOCK_CAPTURE_AUTORELEASING = YES;
				CLANG_WARN_BOOL_CONVERSION = YES;
				CLANG_WARN_COMMA = YES;
				CLANG_WARN_CONSTANT_CONVERSION = YES;
				CLANG_WARN_DEPRECATED_OBJC_IMPLEMENTATIONS = YES;
				CLANG_WARN_DIRECT_OBJC_ISA_USAGE = YES_ERROR;
				CLANG_WARN_DOCUMENTATION_COMMENTS = YES;
				CLANG_WARN_EMPTY_BODY = YES;
				CLANG_WARN_ENUM_CONVERSION = YES;
				CLANG_WARN_INFINITE_RECURSION = YES;
				CLANG_WARN_INT_CONVERSION = YES;
				CLANG_WARN_NON_LITERAL_NULL_CONVERSION = YES;
				CLANG_WARN_OBJC_IMPLICIT_RETAIN_SELF = YES;
				CLANG_WARN_OBJC_LITERAL_CONVERSION = YES;
				CLANG_WARN_OBJC_ROOT_CLASS = YES_ERROR;
				CLANG_WARN_RANGE_LOOP_ANALYSIS = YES;
				CLANG_WARN_STRICT_PROTOTYPES = YES;
				CLANG_WARN_SUSPICIOUS_MOVE = YES;
				CLANG_WARN_UNGUARDED_AVAILABILITY = YES_AGGRESSIVE;
				CLANG_WARN_UNREACHABLE_CODE = YES;
				CLANG_WARN__DUPLICATE_METHOD_MATCH = YES;
				CODE_SIGN_IDENTITY = "iPhone Developer";
				COPY_PHASE_STRIP = NO;
				DEBUG_INFORMATION_FORMAT = dwarf;
				ENABLE_STRICT_OBJC_MSGSEND = YES;
				ENABLE_TESTABILITY = YES;
				GCC_C_LANGUAGE_STANDARD = gnu11;
				GCC_DYNAMIC_NO_PIC = NO;
				GCC_NO_COMMON_BLOCKS = YES;
				GCC_OPTIMIZATION_LEVEL = 0;
				GCC_PREPROCESSOR_DEFINITIONS = (
					"DEBUG=1",
					"$(inherited)",
				);
				GCC_WARN_64_TO_32_BIT_CONVERSION = YES;
				GCC_WARN_ABOUT_RETURN_TYPE = YES_ERROR;
				GCC_WARN_UNDECLARED_SELECTOR = YES;
				GCC_WARN_UNINITIALIZED_AUTOS = YES_AGGRESSIVE;
				GCC_WARN_UNUSED_FUNCTION = YES;
				GCC_WARN_UNUSED_VARIABLE = YES;
				IPHONEOS_DEPLOYMENT_TARGET = 11.3;
				MTL_ENABLE_DEBUG_INFO = YES;
				ONLY_ACTIVE_ARCH = YES;
				SDKROOT = iphoneos;
				SWIFT_ACTIVE_COMPILATION_CONDITIONS = DEBUG;
				SWIFT_OPTIMIZATION_LEVEL = "-Onone";
			};
			name = Debug;
		};
		B6FC5B2020782199002AF335 /* Release */ = {
			isa = XCBuildConfiguration;
			buildSettings = {
				ALWAYS_SEARCH_USER_PATHS = NO;
				CLANG_ANALYZER_NONNULL = YES;
				CLANG_ANALYZER_NUMBER_OBJECT_CONVERSION = YES_AGGRESSIVE;
				CLANG_CXX_LANGUAGE_STANDARD = "gnu++14";
				CLANG_CXX_LIBRARY = "libc++";
				CLANG_ENABLE_MODULES = YES;
				CLANG_ENABLE_OBJC_ARC = YES;
				CLANG_ENABLE_OBJC_WEAK = YES;
				CLANG_WARN_BLOCK_CAPTURE_AUTORELEASING = YES;
				CLANG_WARN_BOOL_CONVERSION = YES;
				CLANG_WARN_COMMA = YES;
				CLANG_WARN_CONSTANT_CONVERSION = YES;
				CLANG_WARN_DEPRECATED_OBJC_IMPLEMENTATIONS = YES;
				CLANG_WARN_DIRECT_OBJC_ISA_USAGE = YES_ERROR;
				CLANG_WARN_DOCUMENTATION_COMMENTS = YES;
				CLANG_WARN_EMPTY_BODY = YES;
				CLANG_WARN_ENUM_CONVERSION = YES;
				CLANG_WARN_INFINITE_RECURSION = YES;
				CLANG_WARN_INT_CONVERSION = YES;
				CLANG_WARN_NON_LITERAL_NULL_CONVERSION = YES;
				CLANG_WARN_OBJC_IMPLICIT_RETAIN_SELF = YES;
				CLANG_WARN_OBJC_LITERAL_CONVERSION = YES;
				CLANG_WARN_OBJC_ROOT_CLASS = YES_ERROR;
				CLANG_WARN_RANGE_LOOP_ANALYSIS = YES;
				CLANG_WARN_STRICT_PROTOTYPES = YES;
				CLANG_WARN_SUSPICIOUS_MOVE = YES;
				CLANG_WARN_UNGUARDED_AVAILABILITY = YES_AGGRESSIVE;
				CLANG_WARN_UNREACHABLE_CODE = YES;
				CLANG_WARN__DUPLICATE_METHOD_MATCH = YES;
				CODE_SIGN_IDENTITY = "iPhone Developer";
				COPY_PHASE_STRIP = NO;
				DEBUG_INFORMATION_FORMAT = "dwarf-with-dsym";
				ENABLE_NS_ASSERTIONS = NO;
				ENABLE_STRICT_OBJC_MSGSEND = YES;
				GCC_C_LANGUAGE_STANDARD = gnu11;
				GCC_NO_COMMON_BLOCKS = YES;
				GCC_WARN_64_TO_32_BIT_CONVERSION = YES;
				GCC_WARN_ABOUT_RETURN_TYPE = YES_ERROR;
				GCC_WARN_UNDECLARED_SELECTOR = YES;
				GCC_WARN_UNINITIALIZED_AUTOS = YES_AGGRESSIVE;
				GCC_WARN_UNUSED_FUNCTION = YES;
				GCC_WARN_UNUSED_VARIABLE = YES;
				IPHONEOS_DEPLOYMENT_TARGET = 11.3;
				MTL_ENABLE_DEBUG_INFO = NO;
				SDKROOT = iphoneos;
				SWIFT_COMPILATION_MODE = wholemodule;
				SWIFT_OPTIMIZATION_LEVEL = "-O";
				VALIDATE_PRODUCT = YES;
			};
			name = Release;
		};
		B6FC5B2220782199002AF335 /* Debug */ = {
			isa = XCBuildConfiguration;
			buildSettings = {
				ASSETCATALOG_COMPILER_APPICON_NAME = AppIcon;
				CODE_SIGN_STYLE = Automatic;
				DEVELOPMENT_TEAM = 374VQ98E23;
				INFOPLIST_FILE = "iBeacon-Testing/Info.plist";
				LD_RUNPATH_SEARCH_PATHS = (
					"$(inherited)",
					"@executable_path/Frameworks",
				);
				PRODUCT_BUNDLE_IDENTIFIER = "DominicHolmes.iBeacon-Testing";
				PRODUCT_NAME = "$(TARGET_NAME)";
				SWIFT_VERSION = 4.0;
				TARGETED_DEVICE_FAMILY = "1,2";
			};
			name = Debug;
		};
		B6FC5B2320782199002AF335 /* Release */ = {
			isa = XCBuildConfiguration;
			buildSettings = {
				ASSETCATALOG_COMPILER_APPICON_NAME = AppIcon;
				CODE_SIGN_STYLE = Automatic;
				DEVELOPMENT_TEAM = 374VQ98E23;
				INFOPLIST_FILE = "iBeacon-Testing/Info.plist";
				LD_RUNPATH_SEARCH_PATHS = (
					"$(inherited)",
					"@executable_path/Frameworks",
				);
				PRODUCT_BUNDLE_IDENTIFIER = "DominicHolmes.iBeacon-Testing";
				PRODUCT_NAME = "$(TARGET_NAME)";
				SWIFT_VERSION = 4.0;
				TARGETED_DEVICE_FAMILY = "1,2";
			};
			name = Release;
		};
/* End XCBuildConfiguration section */

/* Begin XCConfigurationList section */
		B6FC5B0A20782196002AF335 /* Build configuration list for PBXProject "iBeacon-Testing" */ = {
			isa = XCConfigurationList;
			buildConfigurations = (
				B6FC5B1F20782199002AF335 /* Debug */,
				B6FC5B2020782199002AF335 /* Release */,
			);
			defaultConfigurationIsVisible = 0;
			defaultConfigurationName = Release;
		};
		B6FC5B2120782199002AF335 /* Build configuration list for PBXNativeTarget "iBeacon-Testing" */ = {
			isa = XCConfigurationList;
			buildConfigurations = (
				B6FC5B2220782199002AF335 /* Debug */,
				B6FC5B2320782199002AF335 /* Release */,
			);
			defaultConfigurationIsVisible = 0;
			defaultConfigurationName = Release;
		};
/* End XCConfigurationList section */
	};
	rootObject = B6FC5B0720782196002AF335 /* Project object */;
}
